
Microsoft Visual Studio Solution File, Format Version 12.00
# Visual Studio Version 16
VisualStudioVersion = 16.0.29424.173
MinimumVisualStudioVersion = 10.0.40219.1
Project("{9A19103F-16F7-4668-BE54-9A1E7A4F7556}") = "BlazorApp", "BlazorApp\BlazorApp.csproj", "{15A158C1-0A9F-49A3-887B-D8906DEBE6B6}"
EndProject
Project("{9A19103F-16F7-4668-BE54-9A1E7A4F7556}") = "WebAppRazor", "WebAppRazor\WebAppRazor.csproj", "{5BF750F2-E265-4159-A2E2-D0651DF14399}"
EndProject
Project("{FAE04EC0-301F-11D3-BF4B-00C04F79EFBC}") = "RazorClassLibRazorComponent", "RazorClassLibRazorComponent\RazorClassLibRazorComponent.csproj", "{75ECF435-6E6A-4D62-9ED1-A2F9D1EA7979}"
EndProject
Project("{FAE04EC0-301F-11D3-BF4B-00C04F79EFBC}") = "RazorClassLibRazorPage", "RazorClassLibRazorPage\RazorClassLibRazorPage.csproj", "{1DCE41A8-E0FF-4CEB-826B-4FFEF73DBC19}"
EndProject
Project("{FAE04EC0-301F-11D3-BF4B-00C04F79EFBC}") = "WebAppMvc", "WebAppMvc\WebAppMvc.csproj", "{78A7B350-504E-4203-9942-83056B4B4EF0}"
EndProject
Project("{FAE04EC0-301F-11D3-BF4B-00C04F79EFBC}") = "ClassLib", "ClassLib\ClassLib.csproj", "{6078D1BF-89AB-4F1C-89E5-F263434DCECB}"
EndProject
Global
	GlobalSection(SolutionConfigurationPlatforms) = preSolution
		Debug|Any CPU = Debug|Any CPU
		Release|Any CPU = Release|Any CPU
	EndGlobalSection
	GlobalSection(ProjectConfigurationPlatforms) = postSolution
		{15A158C1-0A9F-49A3-887B-D8906DEBE6B6}.Debug|Any CPU.ActiveCfg = Debug|Any CPU
		{15A158C1-0A9F-49A3-887B-D8906DEBE6B6}.Debug|Any CPU.Build.0 = Debug|Any CPU
		{15A158C1-0A9F-49A3-887B-D8906DEBE6B6}.Release|Any CPU.ActiveCfg = Release|Any CPU
		{15A158C1-0A9F-49A3-887B-D8906DEBE6B6}.Release|Any CPU.Build.0 = Release|Any CPU
		{5BF750F2-E265-4159-A2E2-D0651DF14399}.Debug|Any CPU.ActiveCfg = Debug|Any CPU
		{5BF750F2-E265-4159-A2E2-D0651DF14399}.Debug|Any CPU.Build.0 = Debug|Any CPU
		{5BF750F2-E265-4159-A2E2-D0651DF14399}.Release|Any CPU.ActiveCfg = Release|Any CPU
		{5BF750F2-E265-4159-A2E2-D0651DF14399}.Release|Any CPU.Build.0 = Release|Any CPU
		{75ECF435-6E6A-4D62-9ED1-A2F9D1EA7979}.Debug|Any CPU.ActiveCfg = Debug|Any CPU
		{75ECF435-6E6A-4D62-9ED1-A2F9D1EA7979}.Debug|Any CPU.Build.0 = Debug|Any CPU
		{75ECF435-6E6A-4D62-9ED1-A2F9D1EA7979}.Release|Any CPU.ActiveCfg = Release|Any CPU
		{75ECF435-6E6A-4D62-9ED1-A2F9D1EA7979}.Release|Any CPU.Build.0 = Release|Any CPU
		{1DCE41A8-E0FF-4CEB-826B-4FFEF73DBC19}.Debug|Any CPU.ActiveCfg = Debug|Any CPU
		{1DCE41A8-E0FF-4CEB-826B-4FFEF73DBC19}.Debug|Any CPU.Build.0 = Debug|Any CPU
		{1DCE41A8-E0FF-4CEB-826B-4FFEF73DBC19}.Release|Any CPU.ActiveCfg = Release|Any CPU
		{1DCE41A8-E0FF-4CEB-826B-4FFEF73DBC19}.Release|Any CPU.Build.0 = Release|Any CPU
		{78A7B350-504E-4203-9942-83056B4B4EF0}.Debug|Any CPU.ActiveCfg = Debug|Any CPU
		{78A7B350-504E-4203-9942-83056B4B4EF0}.Debug|Any CPU.Build.0 = Debug|Any CPU
		{78A7B350-504E-4203-9942-83056B4B4EF0}.Release|Any CPU.ActiveCfg = Release|Any CPU
		{78A7B350-504E-4203-9942-83056B4B4EF0}.Release|Any CPU.Build.0 = Release|Any CPU
		{6078D1BF-89AB-4F1C-89E5-F263434DCECB}.Debug|Any CPU.ActiveCfg = Debug|Any CPU
		{6078D1BF-89AB-4F1C-89E5-F263434DCECB}.Debug|Any CPU.Build.0 = Debug|Any CPU
		{6078D1BF-89AB-4F1C-89E5-F263434DCECB}.Release|Any CPU.ActiveCfg = Release|Any CPU
		{6078D1BF-89AB-4F1C-89E5-F263434DCECB}.Release|Any CPU.Build.0 = Release|Any CPU
	EndGlobalSection
	GlobalSection(SolutionProperties) = preSolution
		HideSolutionNode = FALSE
	EndGlobalSection
	GlobalSection(ExtensibilityGlobals) = postSolution
		SolutionGuid = {9DA4B949-1D87-46D1-97E5-8BB544F43865}
	EndGlobalSection
EndGlobal
